<?xml version="1.0" encoding="utf-8"?>
<Project ToolsVersion="4.0" xmlns="http://schemas.microsoft.com/developer/msbuild/2003">
  <ItemGroup>
    <Filter Include="rt">
      <UniqueIdentifier>{2329913f-d452-4f6e-bf5c-ad07125303c1}</UniqueIdentifier>
    </Filter>
    <Filter Include="EasyBMP">
      <UniqueIdentifier>{c2a81d94-cb9f-4a47-8596-5973bc135823}</UniqueIdentifier>
    </Filter>
  </ItemGroup>
  <ItemGroup>
    <ClCompile Include="src\rtMath.cpp">
      <Filter>rt</Filter>
    </ClCompile>
    <ClCompile Include="src\rtRayTracer.cpp">
      <Filter>rt</Filter>
    </ClCompile>
    <ClCompile Include="src\rtRayTracerLight.cpp">
      <Filter>rt</Filter>
    </ClCompile>
    <ClCompile Include="src\rtRayTracerShape.cpp">
      <Filter>rt</Filter>
    </ClCompile>
    <ClCompile Include="src\rtRayTracerSphere.cpp">
      <Filter>rt</Filter>
    </ClCompile>
    <ClCompile Include="src\rtRayTracerTriangle.cpp">
      <Filter>rt</Filter>
    </ClCompile>
    <ClCompile Include="src\rtVec3.cpp">
      <Filter>rt</Filter>
    </ClCompile>
    <ClCompile Include="src\EasyBMP\EasyBMP.cpp">
      <Filter>EasyBMP</Filter>
    </ClCompile>
    <ClCompile Include="src\main.cpp" />
  </ItemGroup>
  <ItemGroup>
    <ClInclude Include="src\rtMath.h">
      <Filter>rt</Filter>
    </ClInclude>
    <ClInclude Include="src\rtRayTracer.h">
      <Filter>rt</Filter>
    </ClInclude>
    <ClInclude Include="src\rtRenderBuffer.h">
      <Filter>rt</Filter>
    </ClInclude>
    <ClInclude Include="src\rtVec3.h">
      <Filter>rt</Filter>
    </ClInclude>
    <ClInclude Include="src\EasyBMP\EasyBMP.h">
      <Filter>EasyBMP</Filter>
    </ClInclude>
    <ClInclude Include="src\EasyBMP\EasyBMP_BMP.h">
      <Filter>EasyBMP</Filter>
    </ClInclude>
    <ClInclude Include="src\EasyBMP\EasyBMP_DataStructures.h">
      <Filter>EasyBMP</Filter>
    </ClInclude>
    <ClInclude Include="src\EasyBMP\EasyBMP_VariousBMPutilities.h">
      <Filter>EasyBMP</Filter>
    </ClInclude>
  </ItemGroup>
</Project>