
Microsoft Visual Studio Solution File, Format Version 12.00
# Visual Studio 15
VisualStudioVersion = 15.0.28307.572
MinimumVisualStudioVersion = 10.0.40219.1
Project("{8BC9CEB8-8B4A-11D0-8D11-00A0C91BC942}") = "raytracer", "raytracer.vcxproj", "{7D9F21CD-9938-488A-B5C9-CE976665B869}"
EndProject
Global
	GlobalSection(SolutionConfigurationPlatforms) = preSolution
		Debug|x64 = Debug|x64
		Debug|x86 = Debug|x86
		Release|x64 = Release|x64
		Release|x86 = Release|x86
	EndGlobalSection
	GlobalSection(ProjectConfigurationPlatforms) = postSolution
		{7D9F21CD-9938-488A-B5C9-CE976665B869}.Debug|x64.ActiveCfg = Debug|x64
		{7D9F21CD-9938-488A-B5C9-CE976665B869}.Debug|x64.Build.0 = Debug|x64
		{7D9F21CD-9938-488A-B5C9-CE976665B869}.Debug|x86.ActiveCfg = Debug|Win32
		{7D9F21CD-9938-488A-B5C9-CE976665B869}.Debug|x86.Build.0 = Debug|Win32
		{7D9F21CD-9938-488A-B5C9-CE976665B869}.Release|x64.ActiveCfg = Release|x64
		{7D9F21CD-9938-488A-B5C9-CE976665B869}.Release|x64.Build.0 = Release|x64
		{7D9F21CD-9938-488A-B5C9-CE976665B869}.Release|x86.ActiveCfg = Release|Win32
		{7D9F21CD-9938-488A-B5C9-CE976665B869}.Release|x86.Build.0 = Release|Win32
	EndGlobalSection
	GlobalSection(SolutionProperties) = preSolution
		HideSolutionNode = FALSE
	EndGlobalSection
	GlobalSection(ExtensibilityGlobals) = postSolution
		SolutionGuid = {A5465B7F-6B53-4B96-A3B5-F2FC98A5FFD9}
	EndGlobalSection
EndGlobal
